
Microsoft Visual Studio Solution File, Format Version 12.00
# Visual Studio Version 16
VisualStudioVersion = 16.0.31402.337
MinimumVisualStudioVersion = 10.0.40219.1
Project("{2150E333-8FDC-42A3-9474-1A3956D46DE8}") = "Services", "Services", "{7346BC88-1F82-430D-ADF6-CCC69BB6E8A5}"
EndProject
Project("{2150E333-8FDC-42A3-9474-1A3956D46DE8}") = "Appointment", "Appointment", "{6B89143C-5EE5-4405-B24E-868180DAD5B8}"
EndProject
Project("{FAE04EC0-301F-11D3-BF4B-00C04F79EFBC}") = "Appointment.API", "Services\Appointment\Appointment.API\Appointment.API.csproj", "{02E589AC-814A-49A0-9162-99250DBB9EB1}"
EndProject
Project("{E53339B2-1760-4266-BCC7-CA923CBCF16C}") = "docker-compose", "docker-compose.dcproj", "{F12684FD-BFB1-491E-B658-AD9FCFA26BDF}"
EndProject
Global
	GlobalSection(SolutionConfigurationPlatforms) = preSolution
		Debug|Any CPU = Debug|Any CPU
		Release|Any CPU = Release|Any CPU
	EndGlobalSection
	GlobalSection(ProjectConfigurationPlatforms) = postSolution
		{02E589AC-814A-49A0-9162-99250DBB9EB1}.Debug|Any CPU.ActiveCfg = Debug|Any CPU
		{02E589AC-814A-49A0-9162-99250DBB9EB1}.Debug|Any CPU.Build.0 = Debug|Any CPU
		{02E589AC-814A-49A0-9162-99250DBB9EB1}.Release|Any CPU.ActiveCfg = Release|Any CPU
		{02E589AC-814A-49A0-9162-99250DBB9EB1}.Release|Any CPU.Build.0 = Release|Any CPU
		{F12684FD-BFB1-491E-B658-AD9FCFA26BDF}.Debug|Any CPU.ActiveCfg = Debug|Any CPU
		{F12684FD-BFB1-491E-B658-AD9FCFA26BDF}.Debug|Any CPU.Build.0 = Debug|Any CPU
		{F12684FD-BFB1-491E-B658-AD9FCFA26BDF}.Release|Any CPU.ActiveCfg = Release|Any CPU
		{F12684FD-BFB1-491E-B658-AD9FCFA26BDF}.Release|Any CPU.Build.0 = Release|Any CPU
	EndGlobalSection
	GlobalSection(SolutionProperties) = preSolution
		HideSolutionNode = FALSE
	EndGlobalSection
	GlobalSection(NestedProjects) = preSolution
		{6B89143C-5EE5-4405-B24E-868180DAD5B8} = {7346BC88-1F82-430D-ADF6-CCC69BB6E8A5}
		{02E589AC-814A-49A0-9162-99250DBB9EB1} = {6B89143C-5EE5-4405-B24E-868180DAD5B8}
	EndGlobalSection
	GlobalSection(ExtensibilityGlobals) = postSolution
		SolutionGuid = {EAB51D42-65C6-44CF-A8B7-227D52692D6C}
	EndGlobalSection
EndGlobal
